
Microsoft Visual Studio Solution File, Format Version 12.00
# Visual Studio Version 16
VisualStudioVersion = 16.0.29728.190
MinimumVisualStudioVersion = 10.0.40219.1
Project("{FAE04EC0-301F-11D3-BF4B-00C04F79EFBC}") = "Main", "Code\Main.csproj", "{C7FCF7AE-CE32-40D3-B487-6371B86DB7FA}"
EndProject
Project("{FAE04EC0-301F-11D3-BF4B-00C04F79EFBC}") = "SortAlgorithms", "SortAlgorithms\SortAlgorithms.csproj", "{A08C2F71-2279-46A9-A7DA-8C2B3F4F6301}"
EndProject
Project("{FAE04EC0-301F-11D3-BF4B-00C04F79EFBC}") = "SortAlgorithmsTest", "SortAlgorithmsTest\SortAlgorithmsTest.csproj", "{2B671CA9-2542-400B-BAF5-1E126D057FB0}"
EndProject
Global
	GlobalSection(SolutionConfigurationPlatforms) = preSolution
		Debug|Any CPU = Debug|Any CPU
		Release|Any CPU = Release|Any CPU
	EndGlobalSection
	GlobalSection(ProjectConfigurationPlatforms) = postSolution
		{C7FCF7AE-CE32-40D3-B487-6371B86DB7FA}.Debug|Any CPU.ActiveCfg = Debug|Any CPU
		{C7FCF7AE-CE32-40D3-B487-6371B86DB7FA}.Debug|Any CPU.Build.0 = Debug|Any CPU
		{C7FCF7AE-CE32-40D3-B487-6371B86DB7FA}.Release|Any CPU.ActiveCfg = Release|Any CPU
		{C7FCF7AE-CE32-40D3-B487-6371B86DB7FA}.Release|Any CPU.Build.0 = Release|Any CPU
		{A08C2F71-2279-46A9-A7DA-8C2B3F4F6301}.Debug|Any CPU.ActiveCfg = Debug|Any CPU
		{A08C2F71-2279-46A9-A7DA-8C2B3F4F6301}.Debug|Any CPU.Build.0 = Debug|Any CPU
		{A08C2F71-2279-46A9-A7DA-8C2B3F4F6301}.Release|Any CPU.ActiveCfg = Release|Any CPU
		{A08C2F71-2279-46A9-A7DA-8C2B3F4F6301}.Release|Any CPU.Build.0 = Release|Any CPU
		{2B671CA9-2542-400B-BAF5-1E126D057FB0}.Debug|Any CPU.ActiveCfg = Debug|Any CPU
		{2B671CA9-2542-400B-BAF5-1E126D057FB0}.Debug|Any CPU.Build.0 = Debug|Any CPU
		{2B671CA9-2542-400B-BAF5-1E126D057FB0}.Release|Any CPU.ActiveCfg = Release|Any CPU
		{2B671CA9-2542-400B-BAF5-1E126D057FB0}.Release|Any CPU.Build.0 = Release|Any CPU
	EndGlobalSection
	GlobalSection(SolutionProperties) = preSolution
		HideSolutionNode = FALSE
	EndGlobalSection
	GlobalSection(ExtensibilityGlobals) = postSolution
		SolutionGuid = {375F7779-ED3E-48A9-A754-0E21ACA8B680}
	EndGlobalSection
EndGlobal
